
Microsoft Visual Studio Solution File, Format Version 12.00
# Visual Studio Version 17
VisualStudioVersion = 17.9.34622.214
MinimumVisualStudioVersion = 10.0.40219.1
Project("{FAE04EC0-301F-11D3-BF4B-00C04F79EFBC}") = "Presentacion", "Presentacion\Presentacion.csproj", "{D92A7832-3F6A-4231-8569-9E793333EB82}"
EndProject
Project("{FAE04EC0-301F-11D3-BF4B-00C04F79EFBC}") = "Dominio", "Dominio\Dominio.csproj", "{1E090A0F-F058-4819-8F6B-280AB40D76A1}"
EndProject
Project("{FAE04EC0-301F-11D3-BF4B-00C04F79EFBC}") = "Negocio", "Negocio\Negocio.csproj", "{F0456372-FE1F-4553-ABAD-D72B94442D66}"
EndProject
Project("{FAE04EC0-301F-11D3-BF4B-00C04F79EFBC}") = "Conexiones", "Conexiones\Conexiones.csproj", "{9F83334A-7D47-4256-8A58-C6BC7B5E092C}"
EndProject
Global
	GlobalSection(SolutionConfigurationPlatforms) = preSolution
		Debug|Any CPU = Debug|Any CPU
		Release|Any CPU = Release|Any CPU
	EndGlobalSection
	GlobalSection(ProjectConfigurationPlatforms) = postSolution
		{D92A7832-3F6A-4231-8569-9E793333EB82}.Debug|Any CPU.ActiveCfg = Debug|Any CPU
		{D92A7832-3F6A-4231-8569-9E793333EB82}.Debug|Any CPU.Build.0 = Debug|Any CPU
		{D92A7832-3F6A-4231-8569-9E793333EB82}.Release|Any CPU.ActiveCfg = Release|Any CPU
		{D92A7832-3F6A-4231-8569-9E793333EB82}.Release|Any CPU.Build.0 = Release|Any CPU
		{1E090A0F-F058-4819-8F6B-280AB40D76A1}.Debug|Any CPU.ActiveCfg = Debug|Any CPU
		{1E090A0F-F058-4819-8F6B-280AB40D76A1}.Debug|Any CPU.Build.0 = Debug|Any CPU
		{1E090A0F-F058-4819-8F6B-280AB40D76A1}.Release|Any CPU.ActiveCfg = Release|Any CPU
		{1E090A0F-F058-4819-8F6B-280AB40D76A1}.Release|Any CPU.Build.0 = Release|Any CPU
		{F0456372-FE1F-4553-ABAD-D72B94442D66}.Debug|Any CPU.ActiveCfg = Debug|Any CPU
		{F0456372-FE1F-4553-ABAD-D72B94442D66}.Debug|Any CPU.Build.0 = Debug|Any CPU
		{F0456372-FE1F-4553-ABAD-D72B94442D66}.Release|Any CPU.ActiveCfg = Release|Any CPU
		{F0456372-FE1F-4553-ABAD-D72B94442D66}.Release|Any CPU.Build.0 = Release|Any CPU
		{9F83334A-7D47-4256-8A58-C6BC7B5E092C}.Debug|Any CPU.ActiveCfg = Debug|Any CPU
		{9F83334A-7D47-4256-8A58-C6BC7B5E092C}.Debug|Any CPU.Build.0 = Debug|Any CPU
		{9F83334A-7D47-4256-8A58-C6BC7B5E092C}.Release|Any CPU.ActiveCfg = Release|Any CPU
		{9F83334A-7D47-4256-8A58-C6BC7B5E092C}.Release|Any CPU.Build.0 = Release|Any CPU
	EndGlobalSection
	GlobalSection(SolutionProperties) = preSolution
		HideSolutionNode = FALSE
	EndGlobalSection
	GlobalSection(ExtensibilityGlobals) = postSolution
		SolutionGuid = {8FD2BAA6-71AE-4E3F-B0B0-20B904DAFF2F}
	EndGlobalSection
EndGlobal
